{
  "originHash" : "255889fb7ba66ba87120139b9c466680921fec0c1c02133a38793a3cb2bfa9b6",
  "pins" : [
    {
      "identity" : "opalcrypto",
      "kind" : "remoteSourceControl",
      "location" : "https://github.com/58opals/OpalCrypto.git",
      "state" : {
        "branch" : "develop",
        "revision" : "d698e2809d0bc1a52a4227a0315392916e29c307"
      }
    },
    {
      "identity" : "opaldiagnostics",
      "kind" : "remoteSourceControl",
      "location" : "https://github.com/58opals/OpalDiagnostics.git",
      "state" : {
        "revision" : "8c42eeb40d64776789e70694e4e5006d2afa400c",
        "version" : "0.2.0"
      }
    },
    {
      "identity" : "opalfusion",
      "kind" : "remoteSourceControl",
      "location" : "https://github.com/58opals/OpalFusion.git",
      "state" : {
        "branch" : "develop",
        "revision" : "2f19fab6e4c40ff99c57dc8de4560a0b1efb9efe"
      }
    },
    {
      "identity" : "opalhedge",
      "kind" : "remoteSourceControl",
      "location" : "https://github.com/58opals/OpalHedge.git",
      "state" : {
        "branch" : "develop",
        "revision" : "a945ab1cb1402bd5e28d813c258036b2ad022bbd"
      }
    },
    {
      "identity" : "swiftfulcrum",
      "kind" : "remoteSourceControl",
      "location" : "https://github.com/58opals/SwiftFulcrum.git",
      "state" : {
        "branch" : "develop",
        "revision" : "66a5a8ba9381b21881ad074d3a8dec3dc473ba0f"
      }
    }
  ],
  "version" : 3
}
