{
  "originHash" : "2614c9004018b6bc13e174d9e54e6d04bd71c1f6da5c850e1bd23579a7533c34",
  "pins" : [
    {
      "identity" : "opalcrypto",
      "kind" : "remoteSourceControl",
      "location" : "https://github.com/58opals/OpalCrypto.git",
      "state" : {
        "branch" : "develop",
        "revision" : "bf0aaf1ec9ad2d3d273ffd2cb7e7731bb8540b90"
      }
    },
    {
      "identity" : "opaldiagnostics",
      "kind" : "remoteSourceControl",
      "location" : "https://github.com/58opals/OpalDiagnostics.git",
      "state" : {
        "branch" : "develop",
        "revision" : "c3556731176e2be04c90d5542cf7049c8abe1f79"
      }
    },
    {
      "identity" : "opalfusion",
      "kind" : "remoteSourceControl",
      "location" : "https://github.com/58opals/OpalFusion.git",
      "state" : {
        "branch" : "develop",
        "revision" : "bab19e8944697f1e73941008f2278e9212e53175"
      }
    },
    {
      "identity" : "opalhedge",
      "kind" : "remoteSourceControl",
      "location" : "https://github.com/58opals/OpalHedge.git",
      "state" : {
        "branch" : "develop",
        "revision" : "1177702699c3d62e40e29882d17893f1cb220d58"
      }
    },
    {
      "identity" : "swiftfulcrum",
      "kind" : "remoteSourceControl",
      "location" : "https://github.com/58opals/SwiftFulcrum.git",
      "state" : {
        "branch" : "develop",
        "revision" : "b8e14d409d38d3c90b3e91e30ee7b2fb47fc50a6"
      }
    }
  ],
  "version" : 3
}
