{
  "originHash" : "35ff12ae0440d54338458e678269b0b88453b6ab56564e6e1bf6ce5e642b7477",
  "pins" : [
    {
      "identity" : "opalcrypto",
      "kind" : "remoteSourceControl",
      "location" : "https://github.com/58opals/OpalCrypto.git",
      "state" : {
        "branch" : "develop",
        "revision" : "246584961096b38b8303a39e66ffb3951f6efcc7"
      }
    },
    {
      "identity" : "opaldiagnostics",
      "kind" : "remoteSourceControl",
      "location" : "https://github.com/58opals/OpalDiagnostics.git",
      "state" : {
        "branch" : "develop",
        "revision" : "7cd2e383309821e01903077c1e534174f9c8a964"
      }
    },
    {
      "identity" : "opalfusion",
      "kind" : "remoteSourceControl",
      "location" : "https://github.com/58opals/OpalFusion.git",
      "state" : {
        "branch" : "develop",
        "revision" : "aa4ee9d3fe366ba2db46ad6935585d153737f667"
      }
    },
    {
      "identity" : "swiftfulcrum",
      "kind" : "remoteSourceControl",
      "location" : "https://github.com/58opals/SwiftFulcrum.git",
      "state" : {
        "branch" : "develop",
        "revision" : "24b44bb2458822d14121dfbd57321fda7ae539ea"
      }
    }
  ],
  "version" : 3
}
